// !$*UTF8*$!
{
	archiveVersion = 1;
	classes = {
	};
	objectVersion = 46;
	objects = {

/* Begin PBXBuildFile section */
		6D5A86AE19AE5C710066C1FD /* Cocoa.framework in Frameworks */ = {isa = PBXBuildFile; fileRef = 6D5A86AD19AE5C710066C1FD /* Cocoa.framework */; };
		6D5A86B819AE5C710066C1FD /* InfoPlist.strings in Resources */ = {isa = PBXBuildFile; fileRef = 6D5A86B619AE5C710066C1FD /* InfoPlist.strings */; };
		6D5A86BA19AE5C710066C1FD /* main.cpp in Sources */ = {isa = PBXBuildFile; fileRef = 6D5A86B919AE5C710066C1FD /* main.cpp */; };
		6D5A86BE19AE5C710066C1FD /* Credits.rtf in Resources */ = {isa = PBXBuildFile; fileRef = 6D5A86BC19AE5C710066C1FD /* Credits.rtf */; };
		6D5A86C619AE5C710066C1FD /* Images.xcassets in Resources */ = {isa = PBXBuildFile; fileRef = 6D5A86C519AE5C710066C1FD /* Images.xcassets */; };
		6D5A86E319AE5CD10066C1FD /* SDL2.framework in Frameworks */ = {isa = PBXBuildFile; fileRef = 6D5A86E219AE5CD10066C1FD /* SDL2.framework */; };
		6D5AC2D019AE6280004CB1BF /* OpenGL.framework in Frameworks */ = {isa = PBXBuildFile; fileRef = 6D5AC2CF19AE6280004CB1BF /* OpenGL.framework */; };
		6D5AC2D219AE6A1E004CB1BF /* SDL2_image.framework in Frameworks */ = {isa = PBXBuildFile; fileRef = 6D5AC2D119AE6A1E004CB1BF /* SDL2_image.framework */; };
		6DC7076A1BA7273500225B7D /* vertex_textured.glsl in Resources */ = {isa = PBXBuildFile; fileRef = 6DC707691BA7273500225B7D /* vertex_textured.glsl */; };
		6DE9D2F11BA6AB8C002D599C /* fragment_textured.glsl in Resources */ = {isa = PBXBuildFile; fileRef = 6DE9D2F01BA6AB8C002D599C /* fragment_textured.glsl */; };
		6DEF23C11B96CC2600BCE792 /* fragment.glsl in Resources */ = {isa = PBXBuildFile; fileRef = 6DEF23BB1B96CC2600BCE792 /* fragment.glsl */; };
		6DEF23C31B96CC2600BCE792 /* ShaderProgram.cpp in Sources */ = {isa = PBXBuildFile; fileRef = 6DEF23BE1B96CC2600BCE792 /* ShaderProgram.cpp */; };
		6DEF23C41B96CC2600BCE792 /* vertex.glsl in Resources */ = {isa = PBXBuildFile; fileRef = 6DEF23C01B96CC2600BCE792 /* vertex.glsl */; };
		B502425522713BBA00E7B796 /* map2.txt in Resources */ = {isa = PBXBuildFile; fileRef = B502425322713BBA00E7B796 /* map2.txt */; };
		B502425622713BBA00E7B796 /* map3.txt in Resources */ = {isa = PBXBuildFile; fileRef = B502425422713BBA00E7B796 /* map3.txt */; };
		B502425822713BC100E7B796 /* map1.txt in Resources */ = {isa = PBXBuildFile; fileRef = B502425722713BC100E7B796 /* map1.txt */; };
		B50242742271667E00E7B796 /* mainManue.png in Resources */ = {isa = PBXBuildFile; fileRef = B502426D2271667D00E7B796 /* mainManue.png */; };
		B50242752271667E00E7B796 /* GG.png in Resources */ = {isa = PBXBuildFile; fileRef = B502426E2271667E00E7B796 /* GG.png */; };
		B50242762271667E00E7B796 /* GoodJob.png in Resources */ = {isa = PBXBuildFile; fileRef = B502426F2271667E00E7B796 /* GoodJob.png */; };
		B50242772271667E00E7B796 /* bakugoSprite.png in Resources */ = {isa = PBXBuildFile; fileRef = B50242702271667E00E7B796 /* bakugoSprite.png */; };
		B502427A2271667E00E7B796 /* todorokiSprite.png in Resources */ = {isa = PBXBuildFile; fileRef = B50242732271667E00E7B796 /* todorokiSprite.png */; };
		B502427F2272052300E7B796 /* bakugo1.png in Resources */ = {isa = PBXBuildFile; fileRef = B502427B2272052300E7B796 /* bakugo1.png */; };
		B50242802272052300E7B796 /* todoroki2.png in Resources */ = {isa = PBXBuildFile; fileRef = B502427C2272052300E7B796 /* todoroki2.png */; };
		B50242812272052300E7B796 /* bakugo2.png in Resources */ = {isa = PBXBuildFile; fileRef = B502427D2272052300E7B796 /* bakugo2.png */; };
		B50242822272052300E7B796 /* todoroki1.png in Resources */ = {isa = PBXBuildFile; fileRef = B502427E2272052300E7B796 /* todoroki1.png */; };
		B502428622767BCD00E7B796 /* SDL2_mixer.framework in Frameworks */ = {isa = PBXBuildFile; fileRef = B502428522767BCD00E7B796 /* SDL2_mixer.framework */; };
		B50242882277EF0C00E7B796 /* durian.png in Resources */ = {isa = PBXBuildFile; fileRef = B50242872277EF0C00E7B796 /* durian.png */; };
		B527BA482260D2320041A27D /* pixel_font.png in Resources */ = {isa = PBXBuildFile; fileRef = B527BA472260D2320041A27D /* pixel_font.png */; };
		B59B36AC2284ECE5004AF68B /* main2.png in Resources */ = {isa = PBXBuildFile; fileRef = B59B36AA2284ECE5004AF68B /* main2.png */; };
		B59B36AD2284ECE5004AF68B /* main1.png in Resources */ = {isa = PBXBuildFile; fileRef = B59B36AB2284ECE5004AF68B /* main1.png */; };
		B59B36AF2284EDCB004AF68B /* mainManue.png in Resources */ = {isa = PBXBuildFile; fileRef = B59B36AE2284EDCB004AF68B /* mainManue.png */; };
		B59B36B12284EF9F004AF68B /* sprites.png in Resources */ = {isa = PBXBuildFile; fileRef = B59B36B02284EF9F004AF68B /* sprites.png */; };
		B59B36B322850E60004AF68B /* key.png in Resources */ = {isa = PBXBuildFile; fileRef = B59B36B222850E60004AF68B /* key.png */; };
		B59B36B522851433004AF68B /* key.png in Resources */ = {isa = PBXBuildFile; fileRef = B59B36B422851433004AF68B /* key.png */; };
		B59B36B722851A3C004AF68B /* exit.png in Resources */ = {isa = PBXBuildFile; fileRef = B59B36B622851A3B004AF68B /* exit.png */; };
		B5AC2B4D2285B5DB009E4120 /* my_hero.mp3 in Resources */ = {isa = PBXBuildFile; fileRef = B5AC2B4C2285B5DB009E4120 /* my_hero.mp3 */; };
		B5AC2B4F2285F107009E4120 /* footstep.wav in Resources */ = {isa = PBXBuildFile; fileRef = B5AC2B4E2285F107009E4120 /* footstep.wav */; };
		B5AC2B512285F330009E4120 /* collect.wav in Resources */ = {isa = PBXBuildFile; fileRef = B5AC2B502285F330009E4120 /* collect.wav */; };
		B5AC2B5322862654009E4120 /* instructions.png in Resources */ = {isa = PBXBuildFile; fileRef = B5AC2B5222862654009E4120 /* instructions.png */; };
/* End PBXBuildFile section */

/* Begin PBXFileReference section */
		6D5A86AA19AE5C710066C1FD /* NYUCodebase.app */ = {isa = PBXFileReference; explicitFileType = wrapper.application; includeInIndex = 0; path = NYUCodebase.app; sourceTree = BUILT_PRODUCTS_DIR; };
		6D5A86AD19AE5C710066C1FD /* Cocoa.framework */ = {isa = PBXFileReference; lastKnownFileType = wrapper.framework; name = Cocoa.framework; path = System/Library/Frameworks/Cocoa.framework; sourceTree = SDKROOT; };
		6D5A86B019AE5C710066C1FD /* AppKit.framework */ = {isa = PBXFileReference; lastKnownFileType = wrapper.framework; name = AppKit.framework; path = System/Library/Frameworks/AppKit.framework; sourceTree = SDKROOT; };
		6D5A86B119AE5C710066C1FD /* CoreData.framework */ = {isa = PBXFileReference; lastKnownFileType = wrapper.framework; name = CoreData.framework; path = System/Library/Frameworks/CoreData.framework; sourceTree = SDKROOT; };
		6D5A86B219AE5C710066C1FD /* Foundation.framework */ = {isa = PBXFileReference; lastKnownFileType = wrapper.framework; name = Foundation.framework; path = System/Library/Frameworks/Foundation.framework; sourceTree = SDKROOT; };
		6D5A86B519AE5C710066C1FD /* NYUCodebase-Info.plist */ = {isa = PBXFileReference; lastKnownFileType = text.plist.xml; path = "NYUCodebase-Info.plist"; sourceTree = "<group>"; };
		6D5A86B719AE5C710066C1FD /* en */ = {isa = PBXFileReference; lastKnownFileType = text.plist.strings; name = en; path = en.lproj/InfoPlist.strings; sourceTree = "<group>"; };
		6D5A86B919AE5C710066C1FD /* main.cpp */ = {isa = PBXFileReference; lastKnownFileType = sourcecode.cpp.cpp; path = main.cpp; sourceTree = "<group>"; };
		6D5A86BD19AE5C710066C1FD /* en */ = {isa = PBXFileReference; lastKnownFileType = text.rtf; name = en; path = en.lproj/Credits.rtf; sourceTree = "<group>"; };
		6D5A86C519AE5C710066C1FD /* Images.xcassets */ = {isa = PBXFileReference; lastKnownFileType = folder.assetcatalog; path = Images.xcassets; sourceTree = "<group>"; };
		6D5A86E219AE5CD10066C1FD /* SDL2.framework */ = {isa = PBXFileReference; lastKnownFileType = wrapper.framework; name = SDL2.framework; path = ../../../../../../../../Library/Frameworks/SDL2.framework; sourceTree = "<group>"; };
		6D5AC2CF19AE6280004CB1BF /* OpenGL.framework */ = {isa = PBXFileReference; lastKnownFileType = wrapper.framework; name = OpenGL.framework; path = System/Library/Frameworks/OpenGL.framework; sourceTree = SDKROOT; };
		6D5AC2D119AE6A1E004CB1BF /* SDL2_image.framework */ = {isa = PBXFileReference; lastKnownFileType = wrapper.framework; name = SDL2_image.framework; path = ../../../../../../../../Library/Frameworks/SDL2_image.framework; sourceTree = "<group>"; };
		6DC707691BA7273500225B7D /* vertex_textured.glsl */ = {isa = PBXFileReference; fileEncoding = 4; lastKnownFileType = text; path = vertex_textured.glsl; sourceTree = "<group>"; };
		6DE9D2F01BA6AB8C002D599C /* fragment_textured.glsl */ = {isa = PBXFileReference; fileEncoding = 4; lastKnownFileType = text; path = fragment_textured.glsl; sourceTree = "<group>"; };
		6DEF23BB1B96CC2600BCE792 /* fragment.glsl */ = {isa = PBXFileReference; fileEncoding = 4; lastKnownFileType = text; path = fragment.glsl; sourceTree = "<group>"; };
		6DEF23BE1B96CC2600BCE792 /* ShaderProgram.cpp */ = {isa = PBXFileReference; fileEncoding = 4; lastKnownFileType = sourcecode.cpp.cpp; path = ShaderProgram.cpp; sourceTree = "<group>"; };
		6DEF23BF1B96CC2600BCE792 /* ShaderProgram.h */ = {isa = PBXFileReference; fileEncoding = 4; lastKnownFileType = sourcecode.c.h; path = ShaderProgram.h; sourceTree = "<group>"; };
		6DEF23C01B96CC2600BCE792 /* vertex.glsl */ = {isa = PBXFileReference; fileEncoding = 4; lastKnownFileType = text; path = vertex.glsl; sourceTree = "<group>"; };
		B502425322713BBA00E7B796 /* map2.txt */ = {isa = PBXFileReference; fileEncoding = 4; lastKnownFileType = text; path = map2.txt; sourceTree = "<group>"; };
		B502425422713BBA00E7B796 /* map3.txt */ = {isa = PBXFileReference; fileEncoding = 4; lastKnownFileType = text; path = map3.txt; sourceTree = "<group>"; };
		B502425722713BC100E7B796 /* map1.txt */ = {isa = PBXFileReference; fileEncoding = 4; lastKnownFileType = text; path = map1.txt; sourceTree = "<group>"; };
		B502426D2271667D00E7B796 /* mainManue.png */ = {isa = PBXFileReference; lastKnownFileType = image.png; path = mainManue.png; sourceTree = "<group>"; };
		B502426E2271667E00E7B796 /* GG.png */ = {isa = PBXFileReference; lastKnownFileType = image.png; path = GG.png; sourceTree = "<group>"; };
		B502426F2271667E00E7B796 /* GoodJob.png */ = {isa = PBXFileReference; lastKnownFileType = image.png; path = GoodJob.png; sourceTree = "<group>"; };
		B50242702271667E00E7B796 /* bakugoSprite.png */ = {isa = PBXFileReference; lastKnownFileType = image.png; path = bakugoSprite.png; sourceTree = "<group>"; };
		B50242732271667E00E7B796 /* todorokiSprite.png */ = {isa = PBXFileReference; lastKnownFileType = image.png; path = todorokiSprite.png; sourceTree = "<group>"; };
		B502427B2272052300E7B796 /* bakugo1.png */ = {isa = PBXFileReference; lastKnownFileType = image.png; path = bakugo1.png; sourceTree = "<group>"; };
		B502427C2272052300E7B796 /* todoroki2.png */ = {isa = PBXFileReference; lastKnownFileType = image.png; path = todoroki2.png; sourceTree = "<group>"; };
		B502427D2272052300E7B796 /* bakugo2.png */ = {isa = PBXFileReference; lastKnownFileType = image.png; path = bakugo2.png; sourceTree = "<group>"; };
		B502427E2272052300E7B796 /* todoroki1.png */ = {isa = PBXFileReference; lastKnownFileType = image.png; path = todoroki1.png; sourceTree = "<group>"; };
		B502428522767BCD00E7B796 /* SDL2_mixer.framework */ = {isa = PBXFileReference; lastKnownFileType = wrapper.framework; name = SDL2_mixer.framework; path = ../../../../../Library/Frameworks/SDL2_mixer.framework; sourceTree = "<group>"; };
		B50242872277EF0C00E7B796 /* durian.png */ = {isa = PBXFileReference; lastKnownFileType = image.png; path = durian.png; sourceTree = "<group>"; };
		B527BA472260D2320041A27D /* pixel_font.png */ = {isa = PBXFileReference; lastKnownFileType = image.png; path = pixel_font.png; sourceTree = "<group>"; };
		B59B36AA2284ECE5004AF68B /* main2.png */ = {isa = PBXFileReference; lastKnownFileType = image.png; path = main2.png; sourceTree = "<group>"; };
		B59B36AB2284ECE5004AF68B /* main1.png */ = {isa = PBXFileReference; lastKnownFileType = image.png; path = main1.png; sourceTree = "<group>"; };
		B59B36AE2284EDCB004AF68B /* mainManue.png */ = {isa = PBXFileReference; lastKnownFileType = image.png; path = mainManue.png; sourceTree = "<group>"; };
		B59B36B02284EF9F004AF68B /* sprites.png */ = {isa = PBXFileReference; lastKnownFileType = image.png; path = sprites.png; sourceTree = "<group>"; };
		B59B36B222850E60004AF68B /* key.png */ = {isa = PBXFileReference; lastKnownFileType = image.png; path = key.png; sourceTree = "<group>"; };
		B59B36B422851433004AF68B /* key.png */ = {isa = PBXFileReference; lastKnownFileType = image.png; path = key.png; sourceTree = "<group>"; };
		B59B36B622851A3B004AF68B /* exit.png */ = {isa = PBXFileReference; lastKnownFileType = image.png; path = exit.png; sourceTree = "<group>"; };
		B5AC2B4C2285B5DB009E4120 /* my_hero.mp3 */ = {isa = PBXFileReference; lastKnownFileType = audio.mp3; path = my_hero.mp3; sourceTree = "<group>"; };
		B5AC2B4E2285F107009E4120 /* footstep.wav */ = {isa = PBXFileReference; lastKnownFileType = audio.wav; path = footstep.wav; sourceTree = "<group>"; };
		B5AC2B502285F330009E4120 /* collect.wav */ = {isa = PBXFileReference; lastKnownFileType = audio.wav; path = collect.wav; sourceTree = "<group>"; };
		B5AC2B5222862654009E4120 /* instructions.png */ = {isa = PBXFileReference; lastKnownFileType = image.png; path = instructions.png; sourceTree = "<group>"; };
/* End PBXFileReference section */

/* Begin PBXFrameworksBuildPhase section */
		6D5A86A719AE5C710066C1FD /* Frameworks */ = {
			isa = PBXFrameworksBuildPhase;
			buildActionMask = 2147483647;
			files = (
				6D5AC2D019AE6280004CB1BF /* OpenGL.framework in Frameworks */,
				B502428622767BCD00E7B796 /* SDL2_mixer.framework in Frameworks */,
				6D5A86AE19AE5C710066C1FD /* Cocoa.framework in Frameworks */,
				6D5A86E319AE5CD10066C1FD /* SDL2.framework in Frameworks */,
				6D5AC2D219AE6A1E004CB1BF /* SDL2_image.framework in Frameworks */,
			);
			runOnlyForDeploymentPostprocessing = 0;
		};
/* End PBXFrameworksBuildPhase section */

/* Begin PBXGroup section */
		6D5A86A119AE5C710066C1FD = {
			isa = PBXGroup;
			children = (
				6D5A86B319AE5C710066C1FD /* NYUCodebase */,
				6D5A86AC19AE5C710066C1FD /* Frameworks */,
				6D5A86AB19AE5C710066C1FD /* Products */,
			);
			sourceTree = "<group>";
		};
		6D5A86AB19AE5C710066C1FD /* Products */ = {
			isa = PBXGroup;
			children = (
				6D5A86AA19AE5C710066C1FD /* NYUCodebase.app */,
			);
			name = Products;
			sourceTree = "<group>";
		};
		6D5A86AC19AE5C710066C1FD /* Frameworks */ = {
			isa = PBXGroup;
			children = (
				B502428522767BCD00E7B796 /* SDL2_mixer.framework */,
				6D5AC2D119AE6A1E004CB1BF /* SDL2_image.framework */,
				6D5AC2CF19AE6280004CB1BF /* OpenGL.framework */,
				6D5A86E219AE5CD10066C1FD /* SDL2.framework */,
				6D5A86AD19AE5C710066C1FD /* Cocoa.framework */,
				6D5A86AF19AE5C710066C1FD /* Other Frameworks */,
			);
			name = Frameworks;
			sourceTree = "<group>";
		};
		6D5A86AF19AE5C710066C1FD /* Other Frameworks */ = {
			isa = PBXGroup;
			children = (
				6D5A86B019AE5C710066C1FD /* AppKit.framework */,
				6D5A86B119AE5C710066C1FD /* CoreData.framework */,
				6D5A86B219AE5C710066C1FD /* Foundation.framework */,
			);
			name = "Other Frameworks";
			sourceTree = "<group>";
		};
		6D5A86B319AE5C710066C1FD /* NYUCodebase */ = {
			isa = PBXGroup;
			children = (
				6D5A86E119AE5CAA0066C1FD /* Code */,
				6D5A86B419AE5C710066C1FD /* Supporting Files */,
			);
			path = NYUCodebase;
			sourceTree = "<group>";
		};
		6D5A86B419AE5C710066C1FD /* Supporting Files */ = {
			isa = PBXGroup;
			children = (
				6D5A86C519AE5C710066C1FD /* Images.xcassets */,
				6D5A86B519AE5C710066C1FD /* NYUCodebase-Info.plist */,
				6D5A86B619AE5C710066C1FD /* InfoPlist.strings */,
				6D5A86BC19AE5C710066C1FD /* Credits.rtf */,
			);
			name = "Supporting Files";
			sourceTree = "<group>";
		};
		6D5A86E119AE5CAA0066C1FD /* Code */ = {
			isa = PBXGroup;
			children = (
				B5AC2B4E2285F107009E4120 /* footstep.wav */,
				B5AC2B502285F330009E4120 /* collect.wav */,
				B5AC2B4C2285B5DB009E4120 /* my_hero.mp3 */,
				B5AC2B5222862654009E4120 /* instructions.png */,
				B59B36B622851A3B004AF68B /* exit.png */,
				B59B36B222850E60004AF68B /* key.png */,
				B59B36B422851433004AF68B /* key.png */,
				B59B36B02284EF9F004AF68B /* sprites.png */,
				B59B36AE2284EDCB004AF68B /* mainManue.png */,
				B59B36AB2284ECE5004AF68B /* main1.png */,
				B59B36AA2284ECE5004AF68B /* main2.png */,
				B502427B2272052300E7B796 /* bakugo1.png */,
				B50242872277EF0C00E7B796 /* durian.png */,
				B502427D2272052300E7B796 /* bakugo2.png */,
				B502427E2272052300E7B796 /* todoroki1.png */,
				B502427C2272052300E7B796 /* todoroki2.png */,
				B50242702271667E00E7B796 /* bakugoSprite.png */,
				B502426E2271667E00E7B796 /* GG.png */,
				B502426F2271667E00E7B796 /* GoodJob.png */,
				B502426D2271667D00E7B796 /* mainManue.png */,
				B50242732271667E00E7B796 /* todorokiSprite.png */,
				B502425722713BC100E7B796 /* map1.txt */,
				B502425322713BBA00E7B796 /* map2.txt */,
				B502425422713BBA00E7B796 /* map3.txt */,
				B527BA472260D2320041A27D /* pixel_font.png */,
				6DEF23BB1B96CC2600BCE792 /* fragment.glsl */,
				6DE9D2F01BA6AB8C002D599C /* fragment_textured.glsl */,
				6DC707691BA7273500225B7D /* vertex_textured.glsl */,
				6DEF23BE1B96CC2600BCE792 /* ShaderProgram.cpp */,
				6DEF23BF1B96CC2600BCE792 /* ShaderProgram.h */,
				6DEF23C01B96CC2600BCE792 /* vertex.glsl */,
				6D5A86B919AE5C710066C1FD /* main.cpp */,
			);
			name = Code;
			sourceTree = "<group>";
		};
/* End PBXGroup section */

/* Begin PBXNativeTarget section */
		6D5A86A919AE5C710066C1FD /* NYUCodebase */ = {
			isa = PBXNativeTarget;
			buildConfigurationList = 6D5A86DB19AE5C710066C1FD /* Build configuration list for PBXNativeTarget "NYUCodebase" */;
			buildPhases = (
				6D5A86A619AE5C710066C1FD /* Sources */,
				6D5A86A719AE5C710066C1FD /* Frameworks */,
				6D5A86A819AE5C710066C1FD /* Resources */,
			);
			buildRules = (
			);
			dependencies = (
			);
			name = NYUCodebase;
			productName = NYUCodebase;
			productReference = 6D5A86AA19AE5C710066C1FD /* NYUCodebase.app */;
			productType = "com.apple.product-type.application";
		};
/* End PBXNativeTarget section */

/* Begin PBXProject section */
		6D5A86A219AE5C710066C1FD /* Project object */ = {
			isa = PBXProject;
			attributes = {
				CLASSPREFIX = NYUCB;
				LastUpgradeCheck = 0510;
				ORGANIZATIONNAME = "Ivan Safrin";
			};
			buildConfigurationList = 6D5A86A519AE5C710066C1FD /* Build configuration list for PBXProject "NYUCodebase" */;
			compatibilityVersion = "Xcode 3.2";
			developmentRegion = English;
			hasScannedForEncodings = 0;
			knownRegions = (
				English,
				en,
				Base,
			);
			mainGroup = 6D5A86A119AE5C710066C1FD;
			productRefGroup = 6D5A86AB19AE5C710066C1FD /* Products */;
			projectDirPath = "";
			projectRoot = "";
			targets = (
				6D5A86A919AE5C710066C1FD /* NYUCodebase */,
			);
		};
/* End PBXProject section */

/* Begin PBXResourcesBuildPhase section */
		6D5A86A819AE5C710066C1FD /* Resources */ = {
			isa = PBXResourcesBuildPhase;
			buildActionMask = 2147483647;
			files = (
				B59B36AD2284ECE5004AF68B /* main1.png in Resources */,
				B50242752271667E00E7B796 /* GG.png in Resources */,
				B502425822713BC100E7B796 /* map1.txt in Resources */,
				B50242772271667E00E7B796 /* bakugoSprite.png in Resources */,
				B5AC2B5322862654009E4120 /* instructions.png in Resources */,
				B50242822272052300E7B796 /* todoroki1.png in Resources */,
				6D5A86B819AE5C710066C1FD /* InfoPlist.strings in Resources */,
				B50242802272052300E7B796 /* todoroki2.png in Resources */,
				6DEF23C11B96CC2600BCE792 /* fragment.glsl in Resources */,
				B59B36AC2284ECE5004AF68B /* main2.png in Resources */,
				6DE9D2F11BA6AB8C002D599C /* fragment_textured.glsl in Resources */,
				B59B36B522851433004AF68B /* key.png in Resources */,
				B50242812272052300E7B796 /* bakugo2.png in Resources */,
				B502425522713BBA00E7B796 /* map2.txt in Resources */,
				B5AC2B512285F330009E4120 /* collect.wav in Resources */,
				6D5A86C619AE5C710066C1FD /* Images.xcassets in Resources */,
				B50242762271667E00E7B796 /* GoodJob.png in Resources */,
				6D5A86BE19AE5C710066C1FD /* Credits.rtf in Resources */,
				B50242882277EF0C00E7B796 /* durian.png in Resources */,
				B59B36B722851A3C004AF68B /* exit.png in Resources */,
				B502425622713BBA00E7B796 /* map3.txt in Resources */,
				B59B36B322850E60004AF68B /* key.png in Resources */,
				B59B36B12284EF9F004AF68B /* sprites.png in Resources */,
				B502427A2271667E00E7B796 /* todorokiSprite.png in Resources */,
				B527BA482260D2320041A27D /* pixel_font.png in Resources */,
				B502427F2272052300E7B796 /* bakugo1.png in Resources */,
				6DEF23C41B96CC2600BCE792 /* vertex.glsl in Resources */,
				B5AC2B4F2285F107009E4120 /* footstep.wav in Resources */,
				6DC7076A1BA7273500225B7D /* vertex_textured.glsl in Resources */,
				B50242742271667E00E7B796 /* mainManue.png in Resources */,
				B5AC2B4D2285B5DB009E4120 /* my_hero.mp3 in Resources */,
				B59B36AF2284EDCB004AF68B /* mainManue.png in Resources */,
			);
			runOnlyForDeploymentPostprocessing = 0;
		};
/* End PBXResourcesBuildPhase section */

/* Begin PBXSourcesBuildPhase section */
		6D5A86A619AE5C710066C1FD /* Sources */ = {
			isa = PBXSourcesBuildPhase;
			buildActionMask = 2147483647;
			files = (
				6DEF23C31B96CC2600BCE792 /* ShaderProgram.cpp in Sources */,
				6D5A86BA19AE5C710066C1FD /* main.cpp in Sources */,
			);
			runOnlyForDeploymentPostprocessing = 0;
		};
/* End PBXSourcesBuildPhase section */

/* Begin PBXVariantGroup section */
		6D5A86B619AE5C710066C1FD /* InfoPlist.strings */ = {
			isa = PBXVariantGroup;
			children = (
				6D5A86B719AE5C710066C1FD /* en */,
			);
			name = InfoPlist.strings;
			sourceTree = "<group>";
		};
		6D5A86BC19AE5C710066C1FD /* Credits.rtf */ = {
			isa = PBXVariantGroup;
			children = (
				6D5A86BD19AE5C710066C1FD /* en */,
			);
			name = Credits.rtf;
			sourceTree = "<group>";
		};
/* End PBXVariantGroup section */

/* Begin XCBuildConfiguration section */
		6D5A86D919AE5C710066C1FD /* Debug */ = {
			isa = XCBuildConfiguration;
			buildSettings = {
				ALWAYS_SEARCH_USER_PATHS = NO;
				CLANG_CXX_LANGUAGE_STANDARD = "gnu++0x";
				CLANG_CXX_LIBRARY = "libc++";
				CLANG_ENABLE_MODULES = YES;
				CLANG_ENABLE_OBJC_ARC = YES;
				CLANG_WARN_BOOL_CONVERSION = YES;
				CLANG_WARN_CONSTANT_CONVERSION = YES;
				CLANG_WARN_DIRECT_OBJC_ISA_USAGE = YES_ERROR;
				CLANG_WARN_EMPTY_BODY = YES;
				CLANG_WARN_ENUM_CONVERSION = YES;
				CLANG_WARN_INT_CONVERSION = YES;
				CLANG_WARN_OBJC_ROOT_CLASS = YES_ERROR;
				CLANG_WARN__DUPLICATE_METHOD_MATCH = YES;
				COPY_PHASE_STRIP = NO;
				GCC_C_LANGUAGE_STANDARD = gnu99;
				GCC_DYNAMIC_NO_PIC = NO;
				GCC_ENABLE_OBJC_EXCEPTIONS = YES;
				GCC_OPTIMIZATION_LEVEL = 0;
				GCC_PREPROCESSOR_DEFINITIONS = (
					"DEBUG=1",
					"$(inherited)",
				);
				GCC_SYMBOLS_PRIVATE_EXTERN = NO;
				GCC_WARN_64_TO_32_BIT_CONVERSION = YES;
				GCC_WARN_ABOUT_RETURN_TYPE = YES_ERROR;
				GCC_WARN_UNDECLARED_SELECTOR = YES;
				GCC_WARN_UNINITIALIZED_AUTOS = YES_AGGRESSIVE;
				GCC_WARN_UNUSED_FUNCTION = YES;
				GCC_WARN_UNUSED_VARIABLE = YES;
				MACOSX_DEPLOYMENT_TARGET = 10.9;
				ONLY_ACTIVE_ARCH = YES;
				SDKROOT = macosx;
			};
			name = Debug;
		};
		6D5A86DA19AE5C710066C1FD /* Release */ = {
			isa = XCBuildConfiguration;
			buildSettings = {
				ALWAYS_SEARCH_USER_PATHS = NO;
				CLANG_CXX_LANGUAGE_STANDARD = "gnu++0x";
				CLANG_CXX_LIBRARY = "libc++";
				CLANG_ENABLE_MODULES = YES;
				CLANG_ENABLE_OBJC_ARC = YES;
				CLANG_WARN_BOOL_CONVERSION = YES;
				CLANG_WARN_CONSTANT_CONVERSION = YES;
				CLANG_WARN_DIRECT_OBJC_ISA_USAGE = YES_ERROR;
				CLANG_WARN_EMPTY_BODY = YES;
				CLANG_WARN_ENUM_CONVERSION = YES;
				CLANG_WARN_INT_CONVERSION = YES;
				CLANG_WARN_OBJC_ROOT_CLASS = YES_ERROR;
				CLANG_WARN__DUPLICATE_METHOD_MATCH = YES;
				COPY_PHASE_STRIP = YES;
				DEBUG_INFORMATION_FORMAT = "dwarf-with-dsym";
				ENABLE_NS_ASSERTIONS = NO;
				GCC_C_LANGUAGE_STANDARD = gnu99;
				GCC_ENABLE_OBJC_EXCEPTIONS = YES;
				GCC_WARN_64_TO_32_BIT_CONVERSION = YES;
				GCC_WARN_ABOUT_RETURN_TYPE = YES_ERROR;
				GCC_WARN_UNDECLARED_SELECTOR = YES;
				GCC_WARN_UNINITIALIZED_AUTOS = YES_AGGRESSIVE;
				GCC_WARN_UNUSED_FUNCTION = YES;
				GCC_WARN_UNUSED_VARIABLE = YES;
				MACOSX_DEPLOYMENT_TARGET = 10.9;
				SDKROOT = macosx;
			};
			name = Release;
		};
		6D5A86DC19AE5C710066C1FD /* Debug */ = {
			isa = XCBuildConfiguration;
			buildSettings = {
				ASSETCATALOG_COMPILER_APPICON_NAME = AppIcon;
				COMBINE_HIDPI_IMAGES = YES;
				FRAMEWORK_SEARCH_PATHS = (
					"$(inherited)",
					"$(LOCAL_LIBRARY_DIR)/Frameworks",
				);
				GCC_PRECOMPILE_PREFIX_HEADER = YES;
				GCC_PREFIX_HEADER = "";
				HEADER_SEARCH_PATHS = (
					"$(inherited)",
					/Applications/Xcode.app/Contents/Developer/Toolchains/XcodeDefault.xctoolchain/usr/include,
					/Library/Frameworks/SDL2_image.framework/Versions/A/Headers,
					/Library/Frameworks/SDL2.framework/Versions/A/Headers,
					/Library/Frameworks/SDL2_mixer.framework/Versions/A/Headers,
				);
				INFOPLIST_FILE = "NYUCodebase/NYUCodebase-Info.plist";
				PRODUCT_NAME = "$(TARGET_NAME)";
				WRAPPER_EXTENSION = app;
			};
			name = Debug;
		};
		6D5A86DD19AE5C710066C1FD /* Release */ = {
			isa = XCBuildConfiguration;
			buildSettings = {
				ASSETCATALOG_COMPILER_APPICON_NAME = AppIcon;
				COMBINE_HIDPI_IMAGES = YES;
				FRAMEWORK_SEARCH_PATHS = (
					"$(inherited)",
					"$(LOCAL_LIBRARY_DIR)/Frameworks",
				);
				GCC_PRECOMPILE_PREFIX_HEADER = YES;
				GCC_PREFIX_HEADER = "";
				HEADER_SEARCH_PATHS = (
					"$(inherited)",
					/Applications/Xcode.app/Contents/Developer/Toolchains/XcodeDefault.xctoolchain/usr/include,
					/Library/Frameworks/SDL2_image.framework/Versions/A/Headers,
					/Library/Frameworks/SDL2.framework/Versions/A/Headers,
				);
				INFOPLIST_FILE = "NYUCodebase/NYUCodebase-Info.plist";
				PRODUCT_NAME = "$(TARGET_NAME)";
				WRAPPER_EXTENSION = app;
			};
			name = Release;
		};
/* End XCBuildConfiguration section */

/* Begin XCConfigurationList section */
		6D5A86A519AE5C710066C1FD /* Build configuration list for PBXProject "NYUCodebase" */ = {
			isa = XCConfigurationList;
			buildConfigurations = (
				6D5A86D919AE5C710066C1FD /* Debug */,
				6D5A86DA19AE5C710066C1FD /* Release */,
			);
			defaultConfigurationIsVisible = 0;
			defaultConfigurationName = Release;
		};
		6D5A86DB19AE5C710066C1FD /* Build configuration list for PBXNativeTarget "NYUCodebase" */ = {
			isa = XCConfigurationList;
			buildConfigurations = (
				6D5A86DC19AE5C710066C1FD /* Debug */,
				6D5A86DD19AE5C710066C1FD /* Release */,
			);
			defaultConfigurationIsVisible = 0;
			defaultConfigurationName = Release;
		};
/* End XCConfigurationList section */
	};
	rootObject = 6D5A86A219AE5C710066C1FD /* Project object */;
}
